schema: '2.0'
stages:
  data_ingestion:
    cmd: python src/data/data_ingestion.py
    deps:
    - path: src/data/data_ingestion.py
      hash: md5
      md5: d23c248615a052666ce7b576686474c4
      size: 3222
    params:
      params.yaml:
        data_ingestion.test_size: 0.2
    outs:
    - path: data/raw
      hash: md5
      md5: fb326d2eec197669f9638afde28356bf.dir
      size: 827973
      nfiles: 2
  data_preprocessing:
    cmd: python src/data/data_preprocessing.py
    deps:
    - path: data/raw
      hash: md5
      md5: fb326d2eec197669f9638afde28356bf.dir
      size: 827973
      nfiles: 2
    - path: src/data/data_preprocessing.py
      hash: md5
      md5: 69c1e925599fe9c337f9de05b76b0176
      size: 3990
    outs:
    - path: data/interim
      hash: md5
      md5: ef37afd17951ea8af23114b28d26f784.dir
      size: 566210
      nfiles: 2
  feature_engineering:
    cmd: python src/features/feature_engineering.py
    deps:
    - path: data/interim
      hash: md5
      md5: ef37afd17951ea8af23114b28d26f784.dir
      size: 566210
      nfiles: 2
    - path: src/features/feature_engineering.py
      hash: md5
      md5: 2ea7263e390b45fbf3a4e82b3442d658
      size: 3766
    params:
      params.yaml:
        feature_engineering.max_features: 2000
    outs:
    - path: data/processed
      hash: md5
      md5: 24c3e1c9c1410aa13703feeced09df93.dir
      size: 84005126
      nfiles: 2
  model_building:
    cmd: python src/model/model_building.py
    deps:
    - path: data/processed
      hash: md5
      md5: 24c3e1c9c1410aa13703feeced09df93.dir
      size: 84005126
      nfiles: 2
    - path: src/model/model_building.py
      hash: md5
      md5: 89c4a034ab5d1b96edb2116cc79093af
      size: 3010
    outs:
    - path: models/model.pkl
      hash: md5
      md5: e6d3508eb1f85a7cfc0d68af5965121a
      size: 16721
  model_evaluation:
    cmd: python src/model/model_evaluation.py
    deps:
    - path: models/model.pkl
      hash: md5
      md5: e6d3508eb1f85a7cfc0d68af5965121a
      size: 16721
    - path: src/model/model_evaluation.py
      hash: md5
      md5: 3a3acf9ffbf9093b4d87ae42bba71bcf
      size: 4247
    outs:
    - path: reports/metrics.json
      hash: md5
      md5: 30125415bc43518c3de378200b745117
      size: 144
