schema: '2.0'
stages:
  data_ingestion:
    cmd: python src/data/data_ingestion.py
    deps:
    - path: src/data/data_ingestion.py
      hash: md5
      md5: d23c248615a052666ce7b576686474c4
      size: 3222
    params:
      params.yaml:
        data_ingestion.test_size: 0.3
    outs:
    - path: data/raw
      hash: md5
      md5: 03b3b604b1f92a17191a7fc947e576d6.dir
      size: 827973
      nfiles: 2
  data_preprocessing:
    cmd: python src/data/data_preprocessing.py
    deps:
    - path: data/raw
      hash: md5
      md5: 03b3b604b1f92a17191a7fc947e576d6.dir
      size: 827973
      nfiles: 2
    - path: src/data/data_preprocessing.py
      hash: md5
      md5: 69c1e925599fe9c337f9de05b76b0176
      size: 3990
    outs:
    - path: data/interim
      hash: md5
      md5: 5dc0cd6aef8578eb36f1b67dc4d67723.dir
      size: 566210
      nfiles: 2
  feature_engineering:
    cmd: python src/features/feature_engineering.py
    deps:
    - path: data/interim
      hash: md5
      md5: 5dc0cd6aef8578eb36f1b67dc4d67723.dir
      size: 566210
      nfiles: 2
    - path: src/features/feature_engineering.py
      hash: md5
      md5: 5cbf0ebaaf05a18f7d95708469fbbbc4
      size: 3851
    params:
      params.yaml:
        feature_engineering.max_features: 5000
    outs:
    - path: data/processed
      hash: md5
      md5: 1ca3c01ddd72c9db7f6543e0cc8cc35a.dir
      size: 208639789
      nfiles: 2
  model_building:
    cmd: python src/model/model_building.py
    deps:
    - path: data/processed
      hash: md5
      md5: 1ca3c01ddd72c9db7f6543e0cc8cc35a.dir
      size: 208639789
      nfiles: 2
    - path: src/model/model_building.py
      hash: md5
      md5: 89c4a034ab5d1b96edb2116cc79093af
      size: 3010
    outs:
    - path: models/model.pkl
      hash: md5
      md5: 8567de38e681353dc1ee83bcba1c390c
      size: 40721
  model_evaluation:
    cmd: python src/model/model_evaluation.py
    deps:
    - path: models/model.pkl
      hash: md5
      md5: 8567de38e681353dc1ee83bcba1c390c
      size: 40721
    - path: src/model/model_evaluation.py
      hash: md5
      md5: 7b824150ec5bb67c7489f48a25185fc9
      size: 5145
    outs:
    - path: reports/experiment_info.json
      hash: md5
      md5: 74553a3aca6a14ea6bd0a5caeba9e1c9
      size: 82
    - path: reports/metrics.json
      hash: md5
      md5: 72f116646eeb2d95b0de50db58880562
      size: 145
  model_registration:
    cmd: python src/model/register_model.py
    deps:
    - path: reports/experiment_info.json
      hash: md5
      md5: 74553a3aca6a14ea6bd0a5caeba9e1c9
      size: 82
    - path: src/model/register_model.py
      hash: md5
      md5: 07ffd58bcfdffdcf97d0a864b4ae20bc
      size: 4816
